{
  "name": "bb-components",
  "version": "0.0.1",
  "lockfileVersion": 1,
  "requires": true,
  "dependencies": {
    "@stencil/core": {
      "version": "1.5.4",
      "resolved": "https://registry.npmjs.org/@stencil/core/-/core-1.5.4.tgz",
      "integrity": "sha512-DReXOvKYr34b0uzg/AncMAnSP99QvS2Zj+VQ8WcZSy+UMLCzUm5myU4cXaw/ToUrlwnjr2sjOzmnIBRUfiQ2qg==",
      "dev": true,
      "requires": {
        "typescript": "3.6.3"
      }
    },
    "firestore-parser": {
      "version": "0.8.9",
      "resolved": "https://registry.npmjs.org/firestore-parser/-/firestore-parser-0.8.9.tgz",
      "integrity": "sha512-HxQs5v5+tfyqL77m5sgHvWuYjclZSomuQ+r6S/OPNeyFH2p9t1AHSKJRI7h/G61XTBZ6Kyd6+3hLu5bLLyT+WQ=="
    },
    "ionicons": {
      "version": "4.6.3",
      "resolved": "https://registry.npmjs.org/ionicons/-/ionicons-4.6.3.tgz",
      "integrity": "sha512-cgP+VIr2cTJpMfFyVHTerq6n2jeoiGboVoe3GlaAo5zoSBDAEXORwUZhv6m+lCyxlsHCS3nqPUE+MKyZU71t8Q=="
    },
    "typescript": {
      "version": "3.6.3",
      "resolved": "https://registry.npmjs.org/typescript/-/typescript-3.6.3.tgz",
      "integrity": "sha512-N7bceJL1CtRQ2RiG0AQME13ksR7DiuQh/QehubYcghzv20tnh+MQnQIuJddTmsbqYj+dztchykemz0zFzlvdQw==",
      "dev": true
    }
  }
}
